// !$*UTF8*$!
{
	archiveVersion = 1;
	classes = {
	};
	objectVersion = 46;
	objects = {

/* Begin PBXBuildFile section */
		3A48D3D514F324AB00CA1A53 /* UIKit.framework in Frameworks */ = {isa = PBXBuildFile; fileRef = 3A48D3D414F324AB00CA1A53 /* UIKit.framework */; };
		3A48D3D714F324AB00CA1A53 /* Foundation.framework in Frameworks */ = {isa = PBXBuildFile; fileRef = 3A48D3D614F324AB00CA1A53 /* Foundation.framework */; };
		3A48D3D914F324AB00CA1A53 /* CoreGraphics.framework in Frameworks */ = {isa = PBXBuildFile; fileRef = 3A48D3D814F324AB00CA1A53 /* CoreGraphics.framework */; };
		3A48D3DF14F324AB00CA1A53 /* InfoPlist.strings in Resources */ = {isa = PBXBuildFile; fileRef = 3A48D3DD14F324AB00CA1A53 /* InfoPlist.strings */; };
		3A48D3E114F324AB00CA1A53 /* main.m in Sources */ = {isa = PBXBuildFile; fileRef = 3A48D3E014F324AB00CA1A53 /* main.m */; };
		3A48D3E514F324AC00CA1A53 /* AppDelegate.m in Sources */ = {isa = PBXBuildFile; fileRef = 3A48D3E414F324AC00CA1A53 /* AppDelegate.m */; };
/* End PBXBuildFile section */

/* Begin PBXFileReference section */
		3A48D3D014F324AB00CA1A53 /* MoonLight.app */ = {isa = PBXFileReference; explicitFileType = wrapper.application; includeInIndex = 0; path = MoonLight.app; sourceTree = BUILT_PRODUCTS_DIR; };
		3A48D3D414F324AB00CA1A53 /* UIKit.framework */ = {isa = PBXFileReference; lastKnownFileType = wrapper.framework; name = UIKit.framework; path = System/Library/Frameworks/UIKit.framework; sourceTree = SDKROOT; };
		3A48D3D614F324AB00CA1A53 /* Foundation.framework */ = {isa = PBXFileReference; lastKnownFileType = wrapper.framework; name = Foundation.framework; path = System/Library/Frameworks/Foundation.framework; sourceTree = SDKROOT; };
		3A48D3D814F324AB00CA1A53 /* CoreGraphics.framework */ = {isa = PBXFileReference; lastKnownFileType = wrapper.framework; name = CoreGraphics.framework; path = System/Library/Frameworks/CoreGraphics.framework; sourceTree = SDKROOT; };
		3A48D3DC14F324AB00CA1A53 /* MoonLight-Info.plist */ = {isa = PBXFileReference; path = "MoonLight-Info.plist"; sourceTree = "<group>"; };
		3A48D3DE14F324AB00CA1A53 /* en */ = {isa = PBXFileReference; lastKnownFileType = text.plist.strings; name = en; path = en.lproj/InfoPlist.strings; sourceTree = "<group>"; };
		3A48D3E014F324AB00CA1A53 /* main.m */ = {isa = PBXFileReference; lastKnownFileType = sourcecode.c.objc; path = main.m; sourceTree = "<group>"; };
		3A48D3E214F324AC00CA1A53 /* MoonLight-Prefix.pch */ = {isa = PBXFileReference; path = "MoonLight-Prefix.pch"; sourceTree = "<group>"; };
		3A48D3E314F324AC00CA1A53 /* AppDelegate.h */ = {isa = PBXFileReference; path = AppDelegate.h; sourceTree = "<group>"; };
		3A48D3E414F324AC00CA1A53 /* AppDelegate.m */ = {isa = PBXFileReference; lastKnownFileType = sourcecode.c.objc; path = AppDelegate.m; sourceTree = "<group>"; };
/* End PBXFileReference section */

/* Begin PBXFrameworksBuildPhase section */
		3A48D3CD14F324AB00CA1A53 /* Frameworks */ = {
			isa = PBXFrameworksBuildPhase;
			buildActionMask = 2147483647;
			files = (
				3A48D3D514F324AB00CA1A53 /* UIKit.framework in Frameworks */,
				3A48D3D714F324AB00CA1A53 /* Foundation.framework in Frameworks */,
				3A48D3D914F324AB00CA1A53 /* CoreGraphics.framework in Frameworks */,
			);
			runOnlyForDeploymentPostprocessing = 0;
		};
/* End PBXFrameworksBuildPhase section */

/* Begin PBXGroup section */
		3A48D3C514F324AB00CA1A53 = {
			isa = PBXGroup;
			children = (
				3A48D3DA14F324AB00CA1A53 /* MoonLight */,
				3A48D3D314F324AB00CA1A53 /* Frameworks */,
				3A48D3D114F324AB00CA1A53 /* Products */,
			);
			sourceTree = "<group>";
		};
		3A48D3D114F324AB00CA1A53 /* Products */ = {
			isa = PBXGroup;
			children = (
				3A48D3D014F324AB00CA1A53 /* MoonLight.app */,
			);
			name = Products;
			sourceTree = "<group>";
		};
		3A48D3D314F324AB00CA1A53 /* Frameworks */ = {
			isa = PBXGroup;
			children = (
				3A48D3D414F324AB00CA1A53 /* UIKit.framework */,
				3A48D3D614F324AB00CA1A53 /* Foundation.framework */,
				3A48D3D814F324AB00CA1A53 /* CoreGraphics.framework */,
			);
			name = Frameworks;
			sourceTree = "<group>";
		};
		3A48D3DA14F324AB00CA1A53 /* MoonLight */ = {
			isa = PBXGroup;
			children = (
				3A48D3E314F324AC00CA1A53 /* AppDelegate.h */,
				3A48D3E414F324AC00CA1A53 /* AppDelegate.m */,
				3A48D3DB14F324AB00CA1A53 /* Supporting Files */,
			);
			path = MoonLight;
			sourceTree = "<group>";
		};
		3A48D3DB14F324AB00CA1A53 /* Supporting Files */ = {
			isa = PBXGroup;
			children = (
				3A48D3DC14F324AB00CA1A53 /* MoonLight-Info.plist */,
				3A48D3DD14F324AB00CA1A53 /* InfoPlist.strings */,
				3A48D3E014F324AB00CA1A53 /* main.m */,
				3A48D3E214F324AC00CA1A53 /* MoonLight-Prefix.pch */,
			);
			name = "Supporting Files";
			sourceTree = "<group>";
		};
/* End PBXGroup section */

/* Begin PBXNativeTarget section */
		3A48D3CF14F324AB00CA1A53 /* MoonLight */ = {
			isa = PBXNativeTarget;
			buildConfigurationList = 3A48D3E814F324AC00CA1A53 /* Build configuration list for PBXNativeTarget "MoonLight" */;
			buildPhases = (
				3A48D3CC14F324AB00CA1A53 /* Sources */,
				3A48D3CD14F324AB00CA1A53 /* Frameworks */,
				3A48D3CE14F324AB00CA1A53 /* Resources */,
			);
			buildRules = (
			);
			dependencies = (
			);
			name = MoonLight;
			productName = MoonLight;
			productReference = 3A48D3D014F324AB00CA1A53 /* MoonLight.app */;
			productType = "com.apple.product-type.application";
		};
/* End PBXNativeTarget section */

/* Begin PBXProject section */
		3A48D3C714F324AB00CA1A53 /* Project object */ = {
			isa = PBXProject;
			attributes = {
				LastUpgradeCheck = 0420;
			};
			buildConfigurationList = 3A48D3CA14F324AB00CA1A53 /* Build configuration list for PBXProject "MoonLight" */;
			compatibilityVersion = "Xcode 3.2";
			developmentRegion = English;
			hasScannedForEncodings = 0;
			knownRegions = (
				en,
			);
			mainGroup = 3A48D3C514F324AB00CA1A53;
			productRefGroup = 3A48D3D114F324AB00CA1A53 /* Products */;
			projectDirPath = "";
			projectRoot = "";
			targets = (
				3A48D3CF14F324AB00CA1A53 /* MoonLight */,
			);
		};
/* End PBXProject section */

/* Begin PBXResourcesBuildPhase section */
		3A48D3CE14F324AB00CA1A53 /* Resources */ = {
			isa = PBXResourcesBuildPhase;
			buildActionMask = 2147483647;
			files = (
				3A48D3DF14F324AB00CA1A53 /* InfoPlist.strings in Resources */,
			);
			runOnlyForDeploymentPostprocessing = 0;
		};
/* End PBXResourcesBuildPhase section */

/* Begin PBXSourcesBuildPhase section */
		3A48D3CC14F324AB00CA1A53 /* Sources */ = {
			isa = PBXSourcesBuildPhase;
			buildActionMask = 2147483647;
			files = (
				3A48D3E114F324AB00CA1A53 /* main.m in Sources */,
				3A48D3E514F324AC00CA1A53 /* AppDelegate.m in Sources */,
			);
			runOnlyForDeploymentPostprocessing = 0;
		};
/* End PBXSourcesBuildPhase section */

/* Begin PBXVariantGroup section */
		3A48D3DD14F324AB00CA1A53 /* InfoPlist.strings */ = {
			isa = PBXVariantGroup;
			children = (
				3A48D3DE14F324AB00CA1A53 /* en */,
			);
			name = InfoPlist.strings;
			sourceTree = "<group>";
		};
/* End PBXVariantGroup section */

/* Begin XCBuildConfiguration section */
		3A48D3E614F324AC00CA1A53 /* Debug */ = {
			isa = XCBuildConfiguration;
			buildSettings = {
				ALWAYS_SEARCH_USER_PATHS = NO;
				ARCHS = "$(ARCHS_STANDARD_32_BIT)";
				"CODE_SIGN_IDENTITY[sdk=iphoneos*]" = "iPhone Developer";
				COPY_PHASE_STRIP = NO;
				GCC_C_LANGUAGE_STANDARD = gnu99;
				GCC_DYNAMIC_NO_PIC = NO;
				GCC_OPTIMIZATION_LEVEL = 0;
				GCC_PREPROCESSOR_DEFINITIONS = (
					"DEBUG=1",
					"$(inherited)",
				);
				GCC_SYMBOLS_PRIVATE_EXTERN = NO;
				GCC_VERSION = com.apple.compilers.llvm.clang.1_0;
				GCC_WARN_ABOUT_MISSING_PROTOTYPES = YES;
				GCC_WARN_ABOUT_RETURN_TYPE = YES;
				GCC_WARN_UNUSED_VARIABLE = YES;
				IPHONEOS_DEPLOYMENT_TARGET = 5.0;
				SDKROOT = iphoneos;
				TARGETED_DEVICE_FAMILY = 2;
			};
			name = Debug;
		};
		3A48D3E714F324AC00CA1A53 /* Release */ = {
			isa = XCBuildConfiguration;
			buildSettings = {
				ALWAYS_SEARCH_USER_PATHS = NO;
				ARCHS = "$(ARCHS_STANDARD_32_BIT)";
				"CODE_SIGN_IDENTITY[sdk=iphoneos*]" = "iPhone Developer";
				COPY_PHASE_STRIP = YES;
				GCC_C_LANGUAGE_STANDARD = gnu99;
				GCC_VERSION = com.apple.compilers.llvm.clang.1_0;
				GCC_WARN_ABOUT_MISSING_PROTOTYPES = YES;
				GCC_WARN_ABOUT_RETURN_TYPE = YES;
				GCC_WARN_UNUSED_VARIABLE = YES;
				IPHONEOS_DEPLOYMENT_TARGET = 5.0;
				OTHER_CFLAGS = "-DNS_BLOCK_ASSERTIONS=1";
				SDKROOT = iphoneos;
				TARGETED_DEVICE_FAMILY = 2;
				VALIDATE_PRODUCT = YES;
			};
			name = Release;
		};
		3A48D3E914F324AC00CA1A53 /* Debug */ = {
			isa = XCBuildConfiguration;
			buildSettings = {
				GCC_PRECOMPILE_PREFIX_HEADER = YES;
				GCC_PREFIX_HEADER = "MoonLight/MoonLight-Prefix.pch";
				INFOPLIST_FILE = "MoonLight/MoonLight-Info.plist";
				PRODUCT_NAME = "$(TARGET_NAME)";
				WRAPPER_EXTENSION = app;
			};
			name = Debug;
		};
		3A48D3EA14F324AC00CA1A53 /* Release */ = {
			isa = XCBuildConfiguration;
			buildSettings = {
				GCC_PRECOMPILE_PREFIX_HEADER = YES;
				GCC_PREFIX_HEADER = "MoonLight/MoonLight-Prefix.pch";
				INFOPLIST_FILE = "MoonLight/MoonLight-Info.plist";
				PRODUCT_NAME = "$(TARGET_NAME)";
				WRAPPER_EXTENSION = app;
			};
			name = Release;
		};
/* End XCBuildConfiguration section */

/* Begin XCConfigurationList section */
		3A48D3CA14F324AB00CA1A53 /* Build configuration list for PBXProject "MoonLight" */ = {
			isa = XCConfigurationList;
			buildConfigurations = (
				3A48D3E614F324AC00CA1A53 /* Debug */,
				3A48D3E714F324AC00CA1A53 /* Release */,
			);
			defaultConfigurationIsVisible = 0;
			defaultConfigurationName = Release;
		};
		3A48D3E814F324AC00CA1A53 /* Build configuration list for PBXNativeTarget "MoonLight" */ = {
			isa = XCConfigurationList;
			buildConfigurations = (
				3A48D3E914F324AC00CA1A53 /* Debug */,
				3A48D3EA14F324AC00CA1A53 /* Release */,
			);
			defaultConfigurationIsVisible = 0;
		};
/* End XCConfigurationList section */
	};
	rootObject = 3A48D3C714F324AB00CA1A53 /* Project object */;
}
